// !$*UTF8*$!
{
	archiveVersion = 1;
	classes = {
	};
	objectVersion = 48;
	objects = {

/* Begin PBXBuildFile section */
		588E3048A4FD534043FD51D8 /* Pods_Surya_CodeExercise.framework in Frameworks */ = {isa = PBXBuildFile; fileRef = 5DBC3EC761B22BE5CE6A89DD /* Pods_Surya_CodeExercise.framework */; };
		772E93871F35B75100EFA7C6 /* AppDelegate.swift in Sources */ = {isa = PBXBuildFile; fileRef = 772E93861F35B75100EFA7C6 /* AppDelegate.swift */; };
		772E93891F35B75100EFA7C6 /* ViewController.swift in Sources */ = {isa = PBXBuildFile; fileRef = 772E93881F35B75100EFA7C6 /* ViewController.swift */; };
		772E938C1F35B75100EFA7C6 /* Main.storyboard in Resources */ = {isa = PBXBuildFile; fileRef = 772E938A1F35B75100EFA7C6 /* Main.storyboard */; };
		772E938E1F35B75100EFA7C6 /* Assets.xcassets in Resources */ = {isa = PBXBuildFile; fileRef = 772E938D1F35B75100EFA7C6 /* Assets.xcassets */; };
		772E93911F35B75100EFA7C6 /* LaunchScreen.storyboard in Resources */ = {isa = PBXBuildFile; fileRef = 772E938F1F35B75100EFA7C6 /* LaunchScreen.storyboard */; };
		77C070DD1F35BD3900B53EDF /* ItemModel.swift in Sources */ = {isa = PBXBuildFile; fileRef = 77C070DC1F35BD3900B53EDF /* ItemModel.swift */; };
		77C070DF1F35BFFF00B53EDF /* UtilityMethods.swift in Sources */ = {isa = PBXBuildFile; fileRef = 77C070DE1F35BFFF00B53EDF /* UtilityMethods.swift */; };
/* End PBXBuildFile section */

/* Begin PBXFileReference section */
		19618A066380CEB131723AA1 /* Pods-Surya-CodeExercise.debug.xcconfig */ = {isa = PBXFileReference; includeInIndex = 1; lastKnownFileType = text.xcconfig; name = "Pods-Surya-CodeExercise.debug.xcconfig"; path = "Pods/Target Support Files/Pods-Surya-CodeExercise/Pods-Surya-CodeExercise.debug.xcconfig"; sourceTree = "<group>"; };
		5DBC3EC761B22BE5CE6A89DD /* Pods_Surya_CodeExercise.framework */ = {isa = PBXFileReference; explicitFileType = wrapper.framework; includeInIndex = 0; path = Pods_Surya_CodeExercise.framework; sourceTree = BUILT_PRODUCTS_DIR; };
		772E93831F35B75100EFA7C6 /* Surya-CodeExercise.app */ = {isa = PBXFileReference; explicitFileType = wrapper.application; includeInIndex = 0; path = "Surya-CodeExercise.app"; sourceTree = BUILT_PRODUCTS_DIR; };
		772E93861F35B75100EFA7C6 /* AppDelegate.swift */ = {isa = PBXFileReference; lastKnownFileType = sourcecode.swift; path = AppDelegate.swift; sourceTree = "<group>"; };
		772E93881F35B75100EFA7C6 /* ViewController.swift */ = {isa = PBXFileReference; lastKnownFileType = sourcecode.swift; path = ViewController.swift; sourceTree = "<group>"; };
		772E938B1F35B75100EFA7C6 /* Base */ = {isa = PBXFileReference; lastKnownFileType = file.storyboard; name = Base; path = Base.lproj/Main.storyboard; sourceTree = "<group>"; };
		772E938D1F35B75100EFA7C6 /* Assets.xcassets */ = {isa = PBXFileReference; lastKnownFileType = folder.assetcatalog; path = Assets.xcassets; sourceTree = "<group>"; };
		772E93901F35B75100EFA7C6 /* Base */ = {isa = PBXFileReference; lastKnownFileType = file.storyboard; name = Base; path = Base.lproj/LaunchScreen.storyboard; sourceTree = "<group>"; };
		772E93921F35B75100EFA7C6 /* Info.plist */ = {isa = PBXFileReference; lastKnownFileType = text.plist.xml; path = Info.plist; sourceTree = "<group>"; };
		77C070DC1F35BD3900B53EDF /* ItemModel.swift */ = {isa = PBXFileReference; lastKnownFileType = sourcecode.swift; path = ItemModel.swift; sourceTree = "<group>"; };
		77C070DE1F35BFFF00B53EDF /* UtilityMethods.swift */ = {isa = PBXFileReference; lastKnownFileType = sourcecode.swift; path = UtilityMethods.swift; sourceTree = "<group>"; };
		DC7039B7C0306C88BC9AE61C /* Pods-Surya-CodeExercise.release.xcconfig */ = {isa = PBXFileReference; includeInIndex = 1; lastKnownFileType = text.xcconfig; name = "Pods-Surya-CodeExercise.release.xcconfig"; path = "Pods/Target Support Files/Pods-Surya-CodeExercise/Pods-Surya-CodeExercise.release.xcconfig"; sourceTree = "<group>"; };
/* End PBXFileReference section */

/* Begin PBXFrameworksBuildPhase section */
		772E93801F35B75100EFA7C6 /* Frameworks */ = {
			isa = PBXFrameworksBuildPhase;
			buildActionMask = 2147483647;
			files = (
				588E3048A4FD534043FD51D8 /* Pods_Surya_CodeExercise.framework in Frameworks */,
			);
			runOnlyForDeploymentPostprocessing = 0;
		};
/* End PBXFrameworksBuildPhase section */

/* Begin PBXGroup section */
		24952D1E2722690AE0F696A8 /* Pods */ = {
			isa = PBXGroup;
			children = (
				19618A066380CEB131723AA1 /* Pods-Surya-CodeExercise.debug.xcconfig */,
				DC7039B7C0306C88BC9AE61C /* Pods-Surya-CodeExercise.release.xcconfig */,
			);
			name = Pods;
			sourceTree = "<group>";
		};
		772E937A1F35B75100EFA7C6 = {
			isa = PBXGroup;
			children = (
				772E93851F35B75100EFA7C6 /* Surya-CodeExercise */,
				772E93841F35B75100EFA7C6 /* Products */,
				24952D1E2722690AE0F696A8 /* Pods */,
				BA1EBA650CF417830C7D6F57 /* Frameworks */,
			);
			sourceTree = "<group>";
		};
		772E93841F35B75100EFA7C6 /* Products */ = {
			isa = PBXGroup;
			children = (
				772E93831F35B75100EFA7C6 /* Surya-CodeExercise.app */,
			);
			name = Products;
			sourceTree = "<group>";
		};
		772E93851F35B75100EFA7C6 /* Surya-CodeExercise */ = {
			isa = PBXGroup;
			children = (
				77C070DB1F35BCF800B53EDF /* ViewControllers */,
				77C070DA1F35BCD400B53EDF /* Managers */,
				77C070D91F35BCB900B53EDF /* Networking */,
				77C070D81F35BCA900B53EDF /* Model Objects */,
				772E93861F35B75100EFA7C6 /* AppDelegate.swift */,
				772E93881F35B75100EFA7C6 /* ViewController.swift */,
				772E938A1F35B75100EFA7C6 /* Main.storyboard */,
				772E938D1F35B75100EFA7C6 /* Assets.xcassets */,
				772E938F1F35B75100EFA7C6 /* LaunchScreen.storyboard */,
				772E93921F35B75100EFA7C6 /* Info.plist */,
			);
			path = "Surya-CodeExercise";
			sourceTree = "<group>";
		};
		77C070D81F35BCA900B53EDF /* Model Objects */ = {
			isa = PBXGroup;
			children = (
				77C070DC1F35BD3900B53EDF /* ItemModel.swift */,
			);
			path = "Model Objects";
			sourceTree = "<group>";
		};
		77C070D91F35BCB900B53EDF /* Networking */ = {
			isa = PBXGroup;
			children = (
			);
			path = Networking;
			sourceTree = "<group>";
		};
		77C070DA1F35BCD400B53EDF /* Managers */ = {
			isa = PBXGroup;
			children = (
				77C070DE1F35BFFF00B53EDF /* UtilityMethods.swift */,
			);
			path = Managers;
			sourceTree = "<group>";
		};
		77C070DB1F35BCF800B53EDF /* ViewControllers */ = {
			isa = PBXGroup;
			children = (
			);
			path = ViewControllers;
			sourceTree = "<group>";
		};
		BA1EBA650CF417830C7D6F57 /* Frameworks */ = {
			isa = PBXGroup;
			children = (
				5DBC3EC761B22BE5CE6A89DD /* Pods_Surya_CodeExercise.framework */,
			);
			name = Frameworks;
			sourceTree = "<group>";
		};
/* End PBXGroup section */

/* Begin PBXNativeTarget section */
		772E93821F35B75100EFA7C6 /* Surya-CodeExercise */ = {
			isa = PBXNativeTarget;
			buildConfigurationList = 772E93951F35B75100EFA7C6 /* Build configuration list for PBXNativeTarget "Surya-CodeExercise" */;
			buildPhases = (
				435CE626AC356D71EA848A4A /* [CP] Check Pods Manifest.lock */,
				772E937F1F35B75100EFA7C6 /* Sources */,
				772E93801F35B75100EFA7C6 /* Frameworks */,
				772E93811F35B75100EFA7C6 /* Resources */,
				EF7DEC80184AABFAE03FC15E /* [CP] Embed Pods Frameworks */,
				2397786385CB971FF67E720B /* [CP] Copy Pods Resources */,
				77C070D71F35BC3F00B53EDF /* ShellScript */,
			);
			buildRules = (
			);
			dependencies = (
			);
			name = "Surya-CodeExercise";
			productName = "Surya-CodeExercise";
			productReference = 772E93831F35B75100EFA7C6 /* Surya-CodeExercise.app */;
			productType = "com.apple.product-type.application";
		};
/* End PBXNativeTarget section */

/* Begin PBXProject section */
		772E937B1F35B75100EFA7C6 /* Project object */ = {
			isa = PBXProject;
			attributes = {
				LastSwiftUpdateCheck = 0900;
				LastUpgradeCheck = 0900;
				ORGANIZATIONNAME = Mayur;
				TargetAttributes = {
					772E93821F35B75100EFA7C6 = {
						CreatedOnToolsVersion = 9.0;
					};
				};
			};
			buildConfigurationList = 772E937E1F35B75100EFA7C6 /* Build configuration list for PBXProject "Surya-CodeExercise" */;
			compatibilityVersion = "Xcode 8.0";
			developmentRegion = en;
			hasScannedForEncodings = 0;
			knownRegions = (
				en,
				Base,
			);
			mainGroup = 772E937A1F35B75100EFA7C6;
			productRefGroup = 772E93841F35B75100EFA7C6 /* Products */;
			projectDirPath = "";
			projectRoot = "";
			targets = (
				772E93821F35B75100EFA7C6 /* Surya-CodeExercise */,
			);
		};
/* End PBXProject section */

/* Begin PBXResourcesBuildPhase section */
		772E93811F35B75100EFA7C6 /* Resources */ = {
			isa = PBXResourcesBuildPhase;
			buildActionMask = 2147483647;
			files = (
				772E93911F35B75100EFA7C6 /* LaunchScreen.storyboard in Resources */,
				772E938E1F35B75100EFA7C6 /* Assets.xcassets in Resources */,
				772E938C1F35B75100EFA7C6 /* Main.storyboard in Resources */,
			);
			runOnlyForDeploymentPostprocessing = 0;
		};
/* End PBXResourcesBuildPhase section */

/* Begin PBXShellScriptBuildPhase section */
		2397786385CB971FF67E720B /* [CP] Copy Pods Resources */ = {
			isa = PBXShellScriptBuildPhase;
			buildActionMask = 2147483647;
			files = (
			);
			inputPaths = (
			);
			name = "[CP] Copy Pods Resources";
			outputPaths = (
			);
			runOnlyForDeploymentPostprocessing = 0;
			shellPath = /bin/sh;
			shellScript = "\"${SRCROOT}/Pods/Target Support Files/Pods-Surya-CodeExercise/Pods-Surya-CodeExercise-resources.sh\"\n";
			showEnvVarsInLog = 0;
		};
		435CE626AC356D71EA848A4A /* [CP] Check Pods Manifest.lock */ = {
			isa = PBXShellScriptBuildPhase;
			buildActionMask = 2147483647;
			files = (
			);
			inputPaths = (
			);
			name = "[CP] Check Pods Manifest.lock";
			outputPaths = (
			);
			runOnlyForDeploymentPostprocessing = 0;
			shellPath = /bin/sh;
			shellScript = "diff \"${PODS_PODFILE_DIR_PATH}/Podfile.lock\" \"${PODS_ROOT}/Manifest.lock\" > /dev/null\nif [ $? != 0 ] ; then\n    # print error to STDERR\n    echo \"error: The sandbox is not in sync with the Podfile.lock. Run 'pod install' or update your CocoaPods installation.\" >&2\n    exit 1\nfi\n";
			showEnvVarsInLog = 0;
		};
		77C070D71F35BC3F00B53EDF /* ShellScript */ = {
			isa = PBXShellScriptBuildPhase;
			buildActionMask = 2147483647;
			files = (
			);
			inputPaths = (
			);
			outputPaths = (
			);
			runOnlyForDeploymentPostprocessing = 0;
			shellPath = /bin/sh;
			shellScript = "KEYWORDS=\"FIXME:|\\?\\?\\?:|\\!\\!\\!:\"\nfind \"${SRCROOT}/Surya-CodeExercise\" \\( -name \"*.swift\" \\) -print0 | xargs -0 egrep --with-filename --line-number --only-matching \"($KEYWORDS).*\\$\" | perl -p -e \"s/($KEYWORDS)/ warning: \\$1/\"";
		};
		EF7DEC80184AABFAE03FC15E /* [CP] Embed Pods Frameworks */ = {
			isa = PBXShellScriptBuildPhase;
			buildActionMask = 2147483647;
			files = (
			);
			inputPaths = (
			);
			name = "[CP] Embed Pods Frameworks";
			outputPaths = (
			);
			runOnlyForDeploymentPostprocessing = 0;
			shellPath = /bin/sh;
			shellScript = "\"${SRCROOT}/Pods/Target Support Files/Pods-Surya-CodeExercise/Pods-Surya-CodeExercise-frameworks.sh\"\n";
			showEnvVarsInLog = 0;
		};
/* End PBXShellScriptBuildPhase section */

/* Begin PBXSourcesBuildPhase section */
		772E937F1F35B75100EFA7C6 /* Sources */ = {
			isa = PBXSourcesBuildPhase;
			buildActionMask = 2147483647;
			files = (
				77C070DD1F35BD3900B53EDF /* ItemModel.swift in Sources */,
				772E93891F35B75100EFA7C6 /* ViewController.swift in Sources */,
				772E93871F35B75100EFA7C6 /* AppDelegate.swift in Sources */,
				77C070DF1F35BFFF00B53EDF /* UtilityMethods.swift in Sources */,
			);
			runOnlyForDeploymentPostprocessing = 0;
		};
/* End PBXSourcesBuildPhase section */

/* Begin PBXVariantGroup section */
		772E938A1F35B75100EFA7C6 /* Main.storyboard */ = {
			isa = PBXVariantGroup;
			children = (
				772E938B1F35B75100EFA7C6 /* Base */,
			);
			name = Main.storyboard;
			sourceTree = "<group>";
		};
		772E938F1F35B75100EFA7C6 /* LaunchScreen.storyboard */ = {
			isa = PBXVariantGroup;
			children = (
				772E93901F35B75100EFA7C6 /* Base */,
			);
			name = LaunchScreen.storyboard;
			sourceTree = "<group>";
		};
/* End PBXVariantGroup section */

/* Begin XCBuildConfiguration section */
		772E93931F35B75100EFA7C6 /* Debug */ = {
			isa = XCBuildConfiguration;
			buildSettings = {
				ALWAYS_SEARCH_USER_PATHS = NO;
				CLANG_ANALYZER_NONNULL = YES;
				CLANG_ANALYZER_NUMBER_OBJECT_CONVERSION = YES_AGGRESSIVE;
				CLANG_CXX_LANGUAGE_STANDARD = "gnu++14";
				CLANG_CXX_LIBRARY = "libc++";
				CLANG_ENABLE_MODULES = YES;
				CLANG_ENABLE_OBJC_ARC = YES;
				CLANG_WARN_BLOCK_CAPTURE_AUTORELEASING = YES;
				CLANG_WARN_BOOL_CONVERSION = YES;
				CLANG_WARN_COMMA = YES;
				CLANG_WARN_CONSTANT_CONVERSION = YES;
				CLANG_WARN_DIRECT_OBJC_ISA_USAGE = YES_ERROR;
				CLANG_WARN_DOCUMENTATION_COMMENTS = YES;
				CLANG_WARN_EMPTY_BODY = YES;
				CLANG_WARN_ENUM_CONVERSION = YES;
				CLANG_WARN_INFINITE_RECURSION = YES;
				CLANG_WARN_INT_CONVERSION = YES;
				CLANG_WARN_NON_LITERAL_NULL_CONVERSION = YES;
				CLANG_WARN_OBJC_LITERAL_CONVERSION = YES;
				CLANG_WARN_OBJC_ROOT_CLASS = YES_ERROR;
				CLANG_WARN_RANGE_LOOP_ANALYSIS = YES;
				CLANG_WARN_STRICT_PROTOTYPES = YES;
				CLANG_WARN_SUSPICIOUS_MOVE = YES;
				CLANG_WARN_UNGUARDED_AVAILABILITY = YES_AGGRESSIVE;
				CLANG_WARN_UNREACHABLE_CODE = YES;
				CLANG_WARN__DUPLICATE_METHOD_MATCH = YES;
				CODE_SIGN_IDENTITY = "iPhone Developer";
				COPY_PHASE_STRIP = NO;
				DEBUG_INFORMATION_FORMAT = dwarf;
				ENABLE_STRICT_OBJC_MSGSEND = YES;
				ENABLE_TESTABILITY = YES;
				GCC_C_LANGUAGE_STANDARD = gnu11;
				GCC_DYNAMIC_NO_PIC = NO;
				GCC_NO_COMMON_BLOCKS = YES;
				GCC_OPTIMIZATION_LEVEL = 0;
				GCC_PREPROCESSOR_DEFINITIONS = (
					"DEBUG=1",
					"$(inherited)",
				);
				GCC_WARN_64_TO_32_BIT_CONVERSION = YES;
				GCC_WARN_ABOUT_RETURN_TYPE = YES_ERROR;
				GCC_WARN_UNDECLARED_SELECTOR = YES;
				GCC_WARN_UNINITIALIZED_AUTOS = YES_AGGRESSIVE;
				GCC_WARN_UNUSED_FUNCTION = YES;
				GCC_WARN_UNUSED_VARIABLE = YES;
				IPHONEOS_DEPLOYMENT_TARGET = 10.0;
				MTL_ENABLE_DEBUG_INFO = YES;
				ONLY_ACTIVE_ARCH = YES;
				SDKROOT = iphoneos;
				SWIFT_ACTIVE_COMPILATION_CONDITIONS = DEBUG;
				SWIFT_OPTIMIZATION_LEVEL = "-Onone";
			};
			name = Debug;
		};
		772E93941F35B75100EFA7C6 /* Release */ = {
			isa = XCBuildConfiguration;
			buildSettings = {
				ALWAYS_SEARCH_USER_PATHS = NO;
				CLANG_ANALYZER_NONNULL = YES;
				CLANG_ANALYZER_NUMBER_OBJECT_CONVERSION = YES_AGGRESSIVE;
				CLANG_CXX_LANGUAGE_STANDARD = "gnu++14";
				CLANG_CXX_LIBRARY = "libc++";
				CLANG_ENABLE_MODULES = YES;
				CLANG_ENABLE_OBJC_ARC = YES;
				CLANG_WARN_BLOCK_CAPTURE_AUTORELEASING = YES;
				CLANG_WARN_BOOL_CONVERSION = YES;
				CLANG_WARN_COMMA = YES;
				CLANG_WARN_CONSTANT_CONVERSION = YES;
				CLANG_WARN_DIRECT_OBJC_ISA_USAGE = YES_ERROR;
				CLANG_WARN_DOCUMENTATION_COMMENTS = YES;
				CLANG_WARN_EMPTY_BODY = YES;
				CLANG_WARN_ENUM_CONVERSION = YES;
				CLANG_WARN_INFINITE_RECURSION = YES;
				CLANG_WARN_INT_CONVERSION = YES;
				CLANG_WARN_NON_LITERAL_NULL_CONVERSION = YES;
				CLANG_WARN_OBJC_LITERAL_CONVERSION = YES;
				CLANG_WARN_OBJC_ROOT_CLASS = YES_ERROR;
				CLANG_WARN_RANGE_LOOP_ANALYSIS = YES;
				CLANG_WARN_STRICT_PROTOTYPES = YES;
				CLANG_WARN_SUSPICIOUS_MOVE = YES;
				CLANG_WARN_UNGUARDED_AVAILABILITY = YES_AGGRESSIVE;
				CLANG_WARN_UNREACHABLE_CODE = YES;
				CLANG_WARN__DUPLICATE_METHOD_MATCH = YES;
				CODE_SIGN_IDENTITY = "iPhone Developer";
				COPY_PHASE_STRIP = NO;
				DEBUG_INFORMATION_FORMAT = "dwarf-with-dsym";
				ENABLE_NS_ASSERTIONS = NO;
				ENABLE_STRICT_OBJC_MSGSEND = YES;
				GCC_C_LANGUAGE_STANDARD = gnu11;
				GCC_NO_COMMON_BLOCKS = YES;
				GCC_WARN_64_TO_32_BIT_CONVERSION = YES;
				GCC_WARN_ABOUT_RETURN_TYPE = YES_ERROR;
				GCC_WARN_UNDECLARED_SELECTOR = YES;
				GCC_WARN_UNINITIALIZED_AUTOS = YES_AGGRESSIVE;
				GCC_WARN_UNUSED_FUNCTION = YES;
				GCC_WARN_UNUSED_VARIABLE = YES;
				IPHONEOS_DEPLOYMENT_TARGET = 10.0;
				MTL_ENABLE_DEBUG_INFO = NO;
				SDKROOT = iphoneos;
				SWIFT_OPTIMIZATION_LEVEL = "-Owholemodule";
				VALIDATE_PRODUCT = YES;
			};
			name = Release;
		};
		772E93961F35B75100EFA7C6 /* Debug */ = {
			isa = XCBuildConfiguration;
			baseConfigurationReference = 19618A066380CEB131723AA1 /* Pods-Surya-CodeExercise.debug.xcconfig */;
			buildSettings = {
				ASSETCATALOG_COMPILER_APPICON_NAME = AppIcon;
				DEVELOPMENT_TEAM = FGMG6GZVKT;
				INFOPLIST_FILE = "Surya-CodeExercise/Info.plist";
				LD_RUNPATH_SEARCH_PATHS = "$(inherited) @executable_path/Frameworks";
				PRODUCT_BUNDLE_IDENTIFIER = "Mayur.Surya-CodeExercise";
				PRODUCT_NAME = "$(TARGET_NAME)";
				SWIFT_VERSION = 3.0;
				TARGETED_DEVICE_FAMILY = "1,2";
			};
			name = Debug;
		};
		772E93971F35B75100EFA7C6 /* Release */ = {
			isa = XCBuildConfiguration;
			baseConfigurationReference = DC7039B7C0306C88BC9AE61C /* Pods-Surya-CodeExercise.release.xcconfig */;
			buildSettings = {
				ASSETCATALOG_COMPILER_APPICON_NAME = AppIcon;
				DEVELOPMENT_TEAM = FGMG6GZVKT;
				INFOPLIST_FILE = "Surya-CodeExercise/Info.plist";
				LD_RUNPATH_SEARCH_PATHS = "$(inherited) @executable_path/Frameworks";
				PRODUCT_BUNDLE_IDENTIFIER = "Mayur.Surya-CodeExercise";
				PRODUCT_NAME = "$(TARGET_NAME)";
				SWIFT_VERSION = 3.0;
				TARGETED_DEVICE_FAMILY = "1,2";
			};
			name = Release;
		};
/* End XCBuildConfiguration section */

/* Begin XCConfigurationList section */
		772E937E1F35B75100EFA7C6 /* Build configuration list for PBXProject "Surya-CodeExercise" */ = {
			isa = XCConfigurationList;
			buildConfigurations = (
				772E93931F35B75100EFA7C6 /* Debug */,
				772E93941F35B75100EFA7C6 /* Release */,
			);
			defaultConfigurationIsVisible = 0;
			defaultConfigurationName = Release;
		};
		772E93951F35B75100EFA7C6 /* Build configuration list for PBXNativeTarget "Surya-CodeExercise" */ = {
			isa = XCConfigurationList;
			buildConfigurations = (
				772E93961F35B75100EFA7C6 /* Debug */,
				772E93971F35B75100EFA7C6 /* Release */,
			);
			defaultConfigurationIsVisible = 0;
			defaultConfigurationName = Release;
		};
/* End XCConfigurationList section */
	};
	rootObject = 772E937B1F35B75100EFA7C6 /* Project object */;
}
